{
  "object": {
    "pins": [
      {
        "package": "async-http-client",
        "repositoryURL": "https://github.com/swift-server/async-http-client.git",
        "state": {
          "branch": null,
          "revision": "037b70291941fe43de668066eb6fb802c5e181d2",
          "version": "1.1.1"
        }
      },
      {
        "package": "async-kit",
        "repositoryURL": "https://github.com/vapor/async-kit.git",
        "state": {
          "branch": null,
          "revision": "635a259c57ba682b60bebf005c52a92cfafc73f5",
          "version": "1.1.0"
        }
      },
      {
        "package": "console-kit",
        "repositoryURL": "https://github.com/vapor/console-kit.git",
        "state": {
          "branch": null,
          "revision": "7a97a5ea7fefe61cf2c943242113125b0f396a98",
          "version": "4.1.0"
        }
      },
      {
        "package": "FineJSON",
        "repositoryURL": "https://github.com/omochi/FineJSON.git",
        "state": {
          "branch": null,
          "revision": "05101709243cb66d80c92e645210a3b80cf4e17f",
          "version": "1.14.0"
        }
      },
      {
        "package": "fluent",
        "repositoryURL": "https://github.com/vapor/fluent",
        "state": {
          "branch": null,
          "revision": "f97d9ed3c8172585421112f1eb37b1b0e2246f51",
          "version": "4.0.0-rc.3"
        }
      },
      {
        "package": "fluent-kit",
        "repositoryURL": "https://github.com/vapor/fluent-kit",
        "state": {
          "branch": null,
          "revision": "67b737e6ba768a2c97ebbb8960597bdd40235755",
          "version": "1.0.0-rc.2.1"
        }
      },
      {
        "package": "fluent-postgres-driver",
        "repositoryURL": "https://github.com/vapor/fluent-postgres-driver",
        "state": {
          "branch": null,
          "revision": "8828d56fe7d9568bf8e779451ccee915f1ac8ab5",
          "version": "2.0.0-rc.3"
        }
      },
      {
        "package": "JSONAPI",
        "repositoryURL": "https://github.com/mattpolzin/JSONAPI",
        "state": {
          "branch": null,
          "revision": "51cb140ebf27949d1185227e3eaef5a54d9a3bee",
          "version": "4.0.0"
        }
      },
      {
        "package": "JSONAPI-OpenAPI",
        "repositoryURL": "https://github.com/mattpolzin/JSONAPI-OpenAPI",
        "state": {
          "branch": null,
          "revision": "56a94a69ab8b7fb3f6134b35b08ca64139614f4c",
          "version": "0.19.0"
        }
      },
      {
        "package": "JSONAPIViz",
        "repositoryURL": "https://github.com/mattpolzin/JSONAPIViz",
        "state": {
          "branch": null,
          "revision": "95b14e304459038ae63a7c3518abf5ea390cdee8",
          "version": "0.0.5"
        }
      },
      {
        "package": "OpenAPIKit",
        "repositoryURL": "https://github.com/mattpolzin/OpenAPIKit",
        "state": {
          "branch": null,
          "revision": "b1b2ad648ca983bd012391ad61d3ab246a104836",
          "version": "1.1.0"
        }
      },
      {
        "package": "OpenAPIReflection",
        "repositoryURL": "https://github.com/mattpolzin/OpenAPIReflection",
        "state": {
          "branch": null,
          "revision": "34eb557d0ab49a95d3a39e7a821fcb12ff50ba8a",
          "version": "0.3.0"
        }
      },
      {
        "package": "Poly",
        "repositoryURL": "https://github.com/mattpolzin/Poly",
        "state": {
          "branch": null,
          "revision": "36ba3f624bffa34f5f9b9c7648eab3cfdcab4748",
          "version": "2.5.0"
        }
      },
      {
        "package": "postgres-kit",
        "repositoryURL": "https://github.com/vapor/postgres-kit.git",
        "state": {
          "branch": null,
          "revision": "e43a32baec80ebbcfed4d0330d0be50eb73434c7",
          "version": "2.0.1"
        }
      },
      {
        "package": "postgres-nio",
        "repositoryURL": "https://github.com/vapor/postgres-nio.git",
        "state": {
          "branch": null,
          "revision": "25aa31fdd55ea119edee270ce4bd7bd4bd59fdf7",
          "version": "1.1.0"
        }
      },
      {
        "package": "RichJSONParser",
        "repositoryURL": "https://github.com/omochi/RichJSONParser.git",
        "state": {
          "branch": null,
          "revision": "263e2ecfe88d0500fa99e4cbc8c948529d335534",
          "version": "3.0.0"
        }
      },
      {
        "package": "routing-kit",
        "repositoryURL": "https://github.com/vapor/routing-kit.git",
        "state": {
          "branch": null,
          "revision": "e7f2d5bd36dc65a9edb303541cb678515a7fece3",
          "version": "4.1.0"
        }
      },
      {
        "package": "Sampleable",
        "repositoryURL": "https://github.com/mattpolzin/Sampleable",
        "state": {
          "branch": null,
          "revision": "df44bf1a860481109dcf455e3c6daf0a0f1bc259",
          "version": "2.1.0"
        }
      },
      {
        "package": "sql-kit",
        "repositoryURL": "https://github.com/vapor/sql-kit.git",
        "state": {
          "branch": null,
          "revision": "3800a6f5fe5cb781420ebe059ff93392bc67cb9c",
          "version": "3.1.0"
        }
      },
      {
        "package": "swift-argument-parser",
        "repositoryURL": "https://github.com/apple/swift-argument-parser.git",
        "state": {
          "branch": null,
          "revision": "223d62adc52d51669ae2ee19bdb8b7d9fd6fcd9c",
          "version": "0.0.6"
        }
      },
      {
        "package": "swift-backtrace",
        "repositoryURL": "https://github.com/swift-server/swift-backtrace.git",
        "state": {
          "branch": null,
          "revision": "f2fd8c4845a123419c348e0bc4b3839c414077d5",
          "version": "1.2.0"
        }
      },
      {
        "package": "swift-crypto",
        "repositoryURL": "https://github.com/apple/swift-crypto.git",
        "state": {
          "branch": null,
          "revision": "d67ac68d09a95443303e9d6e37b34e7ba101d5f1",
          "version": "1.0.1"
        }
      },
      {
        "package": "swift-format",
        "repositoryURL": "https://github.com/apple/swift-format",
        "state": {
          "branch": null,
          "revision": "f22aade8a6ee061b4a7041601ededd8ad7bc2122",
          "version": "0.50200.1"
        }
      },
      {
        "package": "swift-log",
        "repositoryURL": "https://github.com/apple/swift-log.git",
        "state": {
          "branch": null,
          "revision": "74d7b91ceebc85daf387ebb206003f78813f71aa",
          "version": "1.2.0"
        }
      },
      {
        "package": "swift-metrics",
        "repositoryURL": "https://github.com/apple/swift-metrics.git",
        "state": {
          "branch": null,
          "revision": "708b960b4605abb20bc55d65abf6bad607252200",
          "version": "2.0.0"
        }
      },
      {
        "package": "swift-nio",
        "repositoryURL": "https://github.com/apple/swift-nio.git",
        "state": {
          "branch": null,
          "revision": "c5fa0b456524cd73dc3ddbb263d4f46c20b86ca3",
          "version": "2.17.0"
        }
      },
      {
        "package": "swift-nio-extras",
        "repositoryURL": "https://github.com/apple/swift-nio-extras.git",
        "state": {
          "branch": null,
          "revision": "7cd24c0efcf9700033f671b6a8eaa64a77dd0b72",
          "version": "1.5.1"
        }
      },
      {
        "package": "swift-nio-http2",
        "repositoryURL": "https://github.com/apple/swift-nio-http2.git",
        "state": {
          "branch": null,
          "revision": "b66a08e4bc53ab7c39fb03ab3678132e6ba5d12d",
          "version": "1.12.0"
        }
      },
      {
        "package": "swift-nio-ssl",
        "repositoryURL": "https://github.com/apple/swift-nio-ssl.git",
        "state": {
          "branch": null,
          "revision": "10e0e17dd47b594c3d864a063f343d716e33e5c1",
          "version": "2.7.3"
        }
      },
      {
        "package": "NonEmpty",
        "repositoryURL": "https://github.com/pointfreeco/swift-nonempty",
        "state": {
          "branch": null,
          "revision": "9ef8c4aea57b8da7fedd5303d29470ea2a00c08d",
          "version": "0.2.2"
        }
      },
      {
        "package": "SwiftSyntax",
        "repositoryURL": "https://github.com/apple/swift-syntax",
        "state": {
          "branch": null,
          "revision": "0688b9cfc4c3dd234e4f55f1f056b2affc849873",
          "version": "0.50200.0"
        }
      },
      {
        "package": "vapor",
        "repositoryURL": "https://github.com/vapor/vapor",
        "state": {
          "branch": null,
          "revision": "6dfdb3445308c40280bf1c071fe14c1c92f98a0d",
          "version": "4.7.1"
        }
      },
      {
        "package": "VaporOpenAPI",
        "repositoryURL": "https://github.com/mattpolzin/VaporOpenAPI",
        "state": {
          "branch": null,
          "revision": "36e4e35234341c94eedef837421bf48c144476bd",
          "version": "0.0.13"
        }
      },
      {
        "package": "VaporTypedRoutes",
        "repositoryURL": "https://github.com/mattpolzin/VaporTypedRoutes",
        "state": {
          "branch": null,
          "revision": "e51d8f49aa4a262ca76dc152a8f8be0f1060f3aa",
          "version": "0.7.0"
        }
      },
      {
        "package": "websocket-kit",
        "repositoryURL": "https://github.com/vapor/websocket-kit.git",
        "state": {
          "branch": null,
          "revision": "021edd1ca55451ad15b3e84da6b4064e4b877b34",
          "version": "2.1.0"
        }
      },
      {
        "package": "Yams",
        "repositoryURL": "https://github.com/jpsim/Yams",
        "state": {
          "branch": null,
          "revision": "81a65c4069c28011ee432f2858ba0de49b086677",
          "version": "3.0.1"
        }
      },
      {
        "package": "ZIPFoundation",
        "repositoryURL": "https://github.com/weichsel/ZIPFoundation/",
        "state": {
          "branch": null,
          "revision": "ec32d62d412578542c0ffb7a6ce34d3e64b43b94",
          "version": "0.9.11"
        }
      }
    ]
  },
  "version": 1
}
