{
  "object": {
    "pins": [
      {
        "package": "async-http-client",
        "repositoryURL": "https://github.com/swift-server/async-http-client.git",
        "state": {
          "branch": null,
          "revision": "037b70291941fe43de668066eb6fb802c5e181d2",
          "version": "1.1.1"
        }
      },
      {
        "package": "async-kit",
        "repositoryURL": "https://github.com/vapor/async-kit.git",
        "state": {
          "branch": null,
          "revision": "48a719dec79ea3cbbc71ca9b29f69df7cd5794cd",
          "version": "1.0.1"
        }
      },
      {
        "package": "Commandant",
        "repositoryURL": "https://github.com/Carthage/Commandant.git",
        "state": {
          "branch": null,
          "revision": "2cd0210f897fe46c6ce42f52ccfa72b3bbb621a0",
          "version": "0.16.0"
        }
      },
      {
        "package": "console-kit",
        "repositoryURL": "https://github.com/vapor/console-kit.git",
        "state": {
          "branch": null,
          "revision": "7a97a5ea7fefe61cf2c943242113125b0f396a98",
          "version": "4.1.0"
        }
      },
      {
        "package": "FineJSON",
        "repositoryURL": "https://github.com/omochi/FineJSON.git",
        "state": {
          "branch": null,
          "revision": "05101709243cb66d80c92e645210a3b80cf4e17f",
          "version": "1.14.0"
        }
      },
      {
        "package": "fluent",
        "repositoryURL": "https://github.com/vapor/fluent.git",
        "state": {
          "branch": null,
          "revision": "dba22d5a6115092482669efe5492d800ace4da38",
          "version": "4.0.0-rc.2.2"
        }
      },
      {
        "package": "fluent-kit",
        "repositoryURL": "https://github.com/vapor/fluent-kit.git",
        "state": {
          "branch": null,
          "revision": "c73570c85d6661c04b8ea29a9f8eede67f6d4aae",
          "version": "1.0.0-rc.1.26"
        }
      },
      {
        "package": "fluent-postgres-driver",
        "repositoryURL": "https://github.com/vapor/fluent-postgres-driver.git",
        "state": {
          "branch": null,
          "revision": "2df7722d2bddc470a9b7080b8d88c9976f237a81",
          "version": "2.0.0-rc.2"
        }
      },
      {
        "package": "JSONAPI",
        "repositoryURL": "https://github.com/mattpolzin/JSONAPI.git",
        "state": {
          "branch": null,
          "revision": "bbd6db6d7a999c4109b4166a726a59157d16d875",
          "version": "4.0.0-alpha.2"
        }
      },
      {
        "package": "JSONAPI-OpenAPI",
        "repositoryURL": "https://github.com/mattpolzin/JSONAPI-OpenAPI.git",
        "state": {
          "branch": null,
          "revision": "b138be868b0c55e8fde6e62a9b8896ac649bebe0",
          "version": "0.17.0"
        }
      },
      {
        "package": "JSONAPIViz",
        "repositoryURL": "https://github.com/mattpolzin/JSONAPIViz",
        "state": {
          "branch": null,
          "revision": "578000fd8a2f16bcb24c964bec3bea61f078a62a",
          "version": "0.0.3"
        }
      },
      {
        "package": "Nimble",
        "repositoryURL": "https://github.com/Quick/Nimble.git",
        "state": {
          "branch": null,
          "revision": "7fd118ec8795888bcbbebc1a41f6984454c4cd6f",
          "version": "8.0.7"
        }
      },
      {
        "package": "OpenAPIKit",
        "repositoryURL": "https://github.com/mattpolzin/OpenAPIKit.git",
        "state": {
          "branch": null,
          "revision": "5c18f9c57617d8b0232a50fcfd1568e4f1d1da6c",
          "version": "0.30.1"
        }
      },
      {
        "package": "OpenAPIReflection",
        "repositoryURL": "https://github.com/mattpolzin/OpenAPIReflection",
        "state": {
          "branch": null,
          "revision": "d2f1e5e0b26c97c458543818ce251c56d8ed5e78",
          "version": "0.2.0"
        }
      },
      {
        "package": "Poly",
        "repositoryURL": "https://github.com/mattpolzin/Poly",
        "state": {
          "branch": null,
          "revision": "9031b8497e025cbcfae196e59eecad5ba988e267",
          "version": "2.4.0"
        }
      },
      {
        "package": "postgres-kit",
        "repositoryURL": "https://github.com/vapor/postgres-kit.git",
        "state": {
          "branch": null,
          "revision": "e43a32baec80ebbcfed4d0330d0be50eb73434c7",
          "version": "2.0.1"
        }
      },
      {
        "package": "postgres-nio",
        "repositoryURL": "https://github.com/vapor/postgres-nio.git",
        "state": {
          "branch": null,
          "revision": "25aa31fdd55ea119edee270ce4bd7bd4bd59fdf7",
          "version": "1.1.0"
        }
      },
      {
        "package": "Quick",
        "repositoryURL": "https://github.com/Quick/Quick.git",
        "state": {
          "branch": null,
          "revision": "33682c2f6230c60614861dfc61df267e11a1602f",
          "version": "2.2.0"
        }
      },
      {
        "package": "Result",
        "repositoryURL": "https://github.com/antitypical/Result.git",
        "state": {
          "branch": null,
          "revision": "2ca499ba456795616fbc471561ff1d963e6ae160",
          "version": "4.1.0"
        }
      },
      {
        "package": "RichJSONParser",
        "repositoryURL": "https://github.com/omochi/RichJSONParser.git",
        "state": {
          "branch": null,
          "revision": "263e2ecfe88d0500fa99e4cbc8c948529d335534",
          "version": "3.0.0"
        }
      },
      {
        "package": "routing-kit",
        "repositoryURL": "https://github.com/vapor/routing-kit.git",
        "state": {
          "branch": null,
          "revision": "e7f2d5bd36dc65a9edb303541cb678515a7fece3",
          "version": "4.1.0"
        }
      },
      {
        "package": "Sampleable",
        "repositoryURL": "https://github.com/mattpolzin/Sampleable",
        "state": {
          "branch": null,
          "revision": "df44bf1a860481109dcf455e3c6daf0a0f1bc259",
          "version": "2.1.0"
        }
      },
      {
        "package": "SourceKitten",
        "repositoryURL": "https://github.com/jpsim/SourceKitten",
        "state": {
          "branch": null,
          "revision": "cc1f16acc70630d27498e81078789f5fa55d7463",
          "version": "0.26.0"
        }
      },
      {
        "package": "sql-kit",
        "repositoryURL": "https://github.com/vapor/sql-kit.git",
        "state": {
          "branch": null,
          "revision": "1e0239616134dd45fa4894bfe83750d196e3a83d",
          "version": "3.0.0"
        }
      },
      {
        "package": "swift-backtrace",
        "repositoryURL": "https://github.com/swift-server/swift-backtrace.git",
        "state": {
          "branch": null,
          "revision": "f2fd8c4845a123419c348e0bc4b3839c414077d5",
          "version": "1.2.0"
        }
      },
      {
        "package": "swift-crypto",
        "repositoryURL": "https://github.com/apple/swift-crypto.git",
        "state": {
          "branch": null,
          "revision": "d67ac68d09a95443303e9d6e37b34e7ba101d5f1",
          "version": "1.0.1"
        }
      },
      {
        "package": "swift-log",
        "repositoryURL": "https://github.com/apple/swift-log.git",
        "state": {
          "branch": null,
          "revision": "74d7b91ceebc85daf387ebb206003f78813f71aa",
          "version": "1.2.0"
        }
      },
      {
        "package": "swift-metrics",
        "repositoryURL": "https://github.com/apple/swift-metrics.git",
        "state": {
          "branch": null,
          "revision": "708b960b4605abb20bc55d65abf6bad607252200",
          "version": "2.0.0"
        }
      },
      {
        "package": "swift-nio",
        "repositoryURL": "https://github.com/apple/swift-nio.git",
        "state": {
          "branch": null,
          "revision": "40bdad80882d307abe2c0bb36cf3bd4d3e03fe04",
          "version": "2.16.1"
        }
      },
      {
        "package": "swift-nio-extras",
        "repositoryURL": "https://github.com/apple/swift-nio-extras.git",
        "state": {
          "branch": null,
          "revision": "e0e76733600a2806b3dc4feae8cfebace858c1a2",
          "version": "1.4.1"
        }
      },
      {
        "package": "swift-nio-http2",
        "repositoryURL": "https://github.com/apple/swift-nio-http2.git",
        "state": {
          "branch": null,
          "revision": "82eb3fa0974b838358ee46bc6c5381e5ae5de6b9",
          "version": "1.11.0"
        }
      },
      {
        "package": "swift-nio-ssl",
        "repositoryURL": "https://github.com/apple/swift-nio-ssl.git",
        "state": {
          "branch": null,
          "revision": "ae213938e151964aa691f0e902462fbe06baeeb6",
          "version": "2.7.1"
        }
      },
      {
        "package": "NonEmpty",
        "repositoryURL": "https://github.com/pointfreeco/swift-nonempty",
        "state": {
          "branch": null,
          "revision": "9ef8c4aea57b8da7fedd5303d29470ea2a00c08d",
          "version": "0.2.2"
        }
      },
      {
        "package": "SWXMLHash",
        "repositoryURL": "https://github.com/drmohundro/SWXMLHash.git",
        "state": {
          "branch": null,
          "revision": "a4931e5c3bafbedeb1601d3bb76bbe835c6d475a",
          "version": "5.0.1"
        }
      },
      {
        "package": "vapor",
        "repositoryURL": "https://github.com/vapor/vapor.git",
        "state": {
          "branch": null,
          "revision": "74bbf36fe0378fafe5413762affe8db6b871a380",
          "version": "4.5.1"
        }
      },
      {
        "package": "VaporOpenAPI",
        "repositoryURL": "https://github.com/mattpolzin/VaporOpenAPI.git",
        "state": {
          "branch": null,
          "revision": "24e36a43ca3a08d44efe5d85f141b1f8c52ff130",
          "version": "0.0.9"
        }
      },
      {
        "package": "VaporTypedRoutes",
        "repositoryURL": "https://github.com/mattpolzin/VaporTypedRoutes.git",
        "state": {
          "branch": null,
          "revision": "9ab3cda6ec0177576f4e49c2b194bf3b52b1f157",
          "version": "0.6.1"
        }
      },
      {
        "package": "websocket-kit",
        "repositoryURL": "https://github.com/vapor/websocket-kit.git",
        "state": {
          "branch": null,
          "revision": "021edd1ca55451ad15b3e84da6b4064e4b877b34",
          "version": "2.1.0"
        }
      },
      {
        "package": "Yams",
        "repositoryURL": "https://github.com/jpsim/Yams.git",
        "state": {
          "branch": null,
          "revision": "c947a306d2e80ecb2c0859047b35c73b8e1ca27f",
          "version": "2.0.0"
        }
      },
      {
        "package": "ZIPFoundation",
        "repositoryURL": "https://github.com/weichsel/ZIPFoundation/",
        "state": {
          "branch": null,
          "revision": "ec32d62d412578542c0ffb7a6ce34d3e64b43b94",
          "version": "0.9.11"
        }
      }
    ]
  },
  "version": 1
}
